
Microsoft Visual Studio Solution File, Format Version 12.00
# Visual Studio 15
VisualStudioVersion = 15.0.26730.8
MinimumVisualStudioVersion = 10.0.40219.1
Project("{8BC9CEB8-8B4A-11D0-8D11-00A0C91BC942}") = "GameServer", "GameServer.vcxproj", "{89364BB2-3A8A-4696-B26D-F05468FFA10C}"
EndProject
Project("{8BC9CEB8-8B4A-11D0-8D11-00A0C91BC942}") = "Logic", "Logic\Logic\Logic.vcxproj", "{1298102F-7C9E-42E0-95AD-2092A66FFBE9}"
EndProject
Project("{8BC9CEB8-8B4A-11D0-8D11-00A0C91BC942}") = "Network", "Network\Network\Network.vcxproj", "{585ED37A-E646-4544-81CE-695BACBAB38C}"
EndProject
Global
	GlobalSection(SolutionConfigurationPlatforms) = preSolution
		Debug|x64 = Debug|x64
		Debug|x86 = Debug|x86
		Release|x64 = Release|x64
		Release|x86 = Release|x86
	EndGlobalSection
	GlobalSection(ProjectConfigurationPlatforms) = postSolution
		{89364BB2-3A8A-4696-B26D-F05468FFA10C}.Debug|x64.ActiveCfg = Debug|x64
		{89364BB2-3A8A-4696-B26D-F05468FFA10C}.Debug|x64.Build.0 = Debug|x64
		{89364BB2-3A8A-4696-B26D-F05468FFA10C}.Debug|x86.ActiveCfg = Debug|x64
		{89364BB2-3A8A-4696-B26D-F05468FFA10C}.Debug|x86.Build.0 = Debug|x64
		{89364BB2-3A8A-4696-B26D-F05468FFA10C}.Release|x64.ActiveCfg = Debug|x64
		{89364BB2-3A8A-4696-B26D-F05468FFA10C}.Release|x64.Build.0 = Debug|x64
		{89364BB2-3A8A-4696-B26D-F05468FFA10C}.Release|x86.ActiveCfg = Debug|x64
		{89364BB2-3A8A-4696-B26D-F05468FFA10C}.Release|x86.Build.0 = Debug|x64
		{1298102F-7C9E-42E0-95AD-2092A66FFBE9}.Debug|x64.ActiveCfg = Debug|x64
		{1298102F-7C9E-42E0-95AD-2092A66FFBE9}.Debug|x64.Build.0 = Debug|x64
		{1298102F-7C9E-42E0-95AD-2092A66FFBE9}.Debug|x86.ActiveCfg = Debug|x64
		{1298102F-7C9E-42E0-95AD-2092A66FFBE9}.Debug|x86.Build.0 = Debug|x64
		{1298102F-7C9E-42E0-95AD-2092A66FFBE9}.Release|x64.ActiveCfg = Debug|x64
		{1298102F-7C9E-42E0-95AD-2092A66FFBE9}.Release|x64.Build.0 = Debug|x64
		{1298102F-7C9E-42E0-95AD-2092A66FFBE9}.Release|x86.ActiveCfg = Debug|x64
		{1298102F-7C9E-42E0-95AD-2092A66FFBE9}.Release|x86.Build.0 = Debug|x64
		{585ED37A-E646-4544-81CE-695BACBAB38C}.Debug|x64.ActiveCfg = Debug|x64
		{585ED37A-E646-4544-81CE-695BACBAB38C}.Debug|x64.Build.0 = Debug|x64
		{585ED37A-E646-4544-81CE-695BACBAB38C}.Debug|x86.ActiveCfg = Debug|x64
		{585ED37A-E646-4544-81CE-695BACBAB38C}.Debug|x86.Build.0 = Debug|x64
		{585ED37A-E646-4544-81CE-695BACBAB38C}.Release|x64.ActiveCfg = Debug|x64
		{585ED37A-E646-4544-81CE-695BACBAB38C}.Release|x64.Build.0 = Debug|x64
		{585ED37A-E646-4544-81CE-695BACBAB38C}.Release|x86.ActiveCfg = Debug|x64
		{585ED37A-E646-4544-81CE-695BACBAB38C}.Release|x86.Build.0 = Debug|x64
	EndGlobalSection
	GlobalSection(SolutionProperties) = preSolution
		HideSolutionNode = FALSE
	EndGlobalSection
	GlobalSection(ExtensibilityGlobals) = postSolution
		SolutionGuid = {3DAA3841-2260-4395-94A1-ED820E80F176}
	EndGlobalSection
EndGlobal
